// !$*UTF8*$!
{
	archiveVersion = 1;
	classes = {
	};
	objectVersion = 55;
	objects = {

/* Begin PBXBuildFile section */
		529D90AC28A0A6F2001E8514 /* AppDelegate.swift in Sources */ = {isa = PBXBuildFile; fileRef = 529D90AB28A0A6F2001E8514 /* AppDelegate.swift */; };
		529D90B528A0A6F4001E8514 /* Assets.xcassets in Resources */ = {isa = PBXBuildFile; fileRef = 529D90B428A0A6F4001E8514 /* Assets.xcassets */; };
		529D90B828A0A6F4001E8514 /* LaunchScreen.storyboard in Resources */ = {isa = PBXBuildFile; fileRef = 529D90B628A0A6F4001E8514 /* LaunchScreen.storyboard */; };
		529D90C028A0A737001E8514 /* ViewController.swift in Sources */ = {isa = PBXBuildFile; fileRef = 529D90BF28A0A737001E8514 /* ViewController.swift */; };
		9A99D19C1D583D6622BC2296 /* Pods_ProgramingAutoLayoutStevia.framework in Frameworks */ = {isa = PBXBuildFile; fileRef = D28725D7997F78BE3436251D /* Pods_ProgramingAutoLayoutStevia.framework */; };
/* End PBXBuildFile section */

/* Begin PBXFileReference section */
		054686570D6109757AE9384B /* Pods-ProgramingAutoLayoutStevia.debug.xcconfig */ = {isa = PBXFileReference; includeInIndex = 1; lastKnownFileType = text.xcconfig; name = "Pods-ProgramingAutoLayoutStevia.debug.xcconfig"; path = "Target Support Files/Pods-ProgramingAutoLayoutStevia/Pods-ProgramingAutoLayoutStevia.debug.xcconfig"; sourceTree = "<group>"; };
		529D90A828A0A6F2001E8514 /* ProgramingAutoLayoutStevia.app */ = {isa = PBXFileReference; explicitFileType = wrapper.application; includeInIndex = 0; path = ProgramingAutoLayoutStevia.app; sourceTree = BUILT_PRODUCTS_DIR; };
		529D90AB28A0A6F2001E8514 /* AppDelegate.swift */ = {isa = PBXFileReference; lastKnownFileType = sourcecode.swift; path = AppDelegate.swift; sourceTree = "<group>"; };
		529D90B428A0A6F4001E8514 /* Assets.xcassets */ = {isa = PBXFileReference; lastKnownFileType = folder.assetcatalog; path = Assets.xcassets; sourceTree = "<group>"; };
		529D90B728A0A6F4001E8514 /* Base */ = {isa = PBXFileReference; lastKnownFileType = file.storyboard; name = Base; path = Base.lproj/LaunchScreen.storyboard; sourceTree = "<group>"; };
		529D90B928A0A6F4001E8514 /* Info.plist */ = {isa = PBXFileReference; lastKnownFileType = text.plist.xml; path = Info.plist; sourceTree = "<group>"; };
		529D90BF28A0A737001E8514 /* ViewController.swift */ = {isa = PBXFileReference; lastKnownFileType = sourcecode.swift; path = ViewController.swift; sourceTree = "<group>"; };
		D28725D7997F78BE3436251D /* Pods_ProgramingAutoLayoutStevia.framework */ = {isa = PBXFileReference; explicitFileType = wrapper.framework; includeInIndex = 0; path = Pods_ProgramingAutoLayoutStevia.framework; sourceTree = BUILT_PRODUCTS_DIR; };
		F7A7E8B0B6938C8579F5D3BF /* Pods-ProgramingAutoLayoutStevia.release.xcconfig */ = {isa = PBXFileReference; includeInIndex = 1; lastKnownFileType = text.xcconfig; name = "Pods-ProgramingAutoLayoutStevia.release.xcconfig"; path = "Target Support Files/Pods-ProgramingAutoLayoutStevia/Pods-ProgramingAutoLayoutStevia.release.xcconfig"; sourceTree = "<group>"; };
/* End PBXFileReference section */

/* Begin PBXFrameworksBuildPhase section */
		529D90A528A0A6F2001E8514 /* Frameworks */ = {
			isa = PBXFrameworksBuildPhase;
			buildActionMask = 2147483647;
			files = (
				9A99D19C1D583D6622BC2296 /* Pods_ProgramingAutoLayoutStevia.framework in Frameworks */,
			);
			runOnlyForDeploymentPostprocessing = 0;
		};
/* End PBXFrameworksBuildPhase section */

/* Begin PBXGroup section */
		07338B0359CEB849220F6FE4 /* Pods */ = {
			isa = PBXGroup;
			children = (
				054686570D6109757AE9384B /* Pods-ProgramingAutoLayoutStevia.debug.xcconfig */,
				F7A7E8B0B6938C8579F5D3BF /* Pods-ProgramingAutoLayoutStevia.release.xcconfig */,
			);
			name = Pods;
			path = Pods;
			sourceTree = "<group>";
		};
		529D909F28A0A6F2001E8514 = {
			isa = PBXGroup;
			children = (
				529D90AA28A0A6F2001E8514 /* ProgramingAutoLayoutStevia */,
				529D90A928A0A6F2001E8514 /* Products */,
				07338B0359CEB849220F6FE4 /* Pods */,
				DEDE08BA61975A8E72A37E99 /* Frameworks */,
			);
			sourceTree = "<group>";
		};
		529D90A928A0A6F2001E8514 /* Products */ = {
			isa = PBXGroup;
			children = (
				529D90A828A0A6F2001E8514 /* ProgramingAutoLayoutStevia.app */,
			);
			name = Products;
			sourceTree = "<group>";
		};
		529D90AA28A0A6F2001E8514 /* ProgramingAutoLayoutStevia */ = {
			isa = PBXGroup;
			children = (
				529D90AB28A0A6F2001E8514 /* AppDelegate.swift */,
				529D90BF28A0A737001E8514 /* ViewController.swift */,
				529D90B428A0A6F4001E8514 /* Assets.xcassets */,
				529D90B628A0A6F4001E8514 /* LaunchScreen.storyboard */,
				529D90B928A0A6F4001E8514 /* Info.plist */,
			);
			path = ProgramingAutoLayoutStevia;
			sourceTree = "<group>";
		};
		DEDE08BA61975A8E72A37E99 /* Frameworks */ = {
			isa = PBXGroup;
			children = (
				D28725D7997F78BE3436251D /* Pods_ProgramingAutoLayoutStevia.framework */,
			);
			name = Frameworks;
			sourceTree = "<group>";
		};
/* End PBXGroup section */

/* Begin PBXNativeTarget section */
		529D90A728A0A6F2001E8514 /* ProgramingAutoLayoutStevia */ = {
			isa = PBXNativeTarget;
			buildConfigurationList = 529D90BC28A0A6F4001E8514 /* Build configuration list for PBXNativeTarget "ProgramingAutoLayoutStevia" */;
			buildPhases = (
				849CBA2EF4078AADF32EBAD5 /* [CP] Check Pods Manifest.lock */,
				529D90A428A0A6F2001E8514 /* Sources */,
				529D90A528A0A6F2001E8514 /* Frameworks */,
				529D90A628A0A6F2001E8514 /* Resources */,
				B22B4118EE1F0D0D95880D06 /* [CP] Embed Pods Frameworks */,
			);
			buildRules = (
			);
			dependencies = (
			);
			name = ProgramingAutoLayoutStevia;
			productName = ProgramingAutoLayoutStevia;
			productReference = 529D90A828A0A6F2001E8514 /* ProgramingAutoLayoutStevia.app */;
			productType = "com.apple.product-type.application";
		};
/* End PBXNativeTarget section */

/* Begin PBXProject section */
		529D90A028A0A6F2001E8514 /* Project object */ = {
			isa = PBXProject;
			attributes = {
				BuildIndependentTargetsInParallel = 1;
				LastSwiftUpdateCheck = 1320;
				LastUpgradeCheck = 1320;
				TargetAttributes = {
					529D90A728A0A6F2001E8514 = {
						CreatedOnToolsVersion = 13.2.1;
					};
				};
			};
			buildConfigurationList = 529D90A328A0A6F2001E8514 /* Build configuration list for PBXProject "ProgramingAutoLayoutStevia" */;
			compatibilityVersion = "Xcode 13.0";
			developmentRegion = en;
			hasScannedForEncodings = 0;
			knownRegions = (
				en,
				Base,
			);
			mainGroup = 529D909F28A0A6F2001E8514;
			productRefGroup = 529D90A928A0A6F2001E8514 /* Products */;
			projectDirPath = "";
			projectRoot = "";
			targets = (
				529D90A728A0A6F2001E8514 /* ProgramingAutoLayoutStevia */,
			);
		};
/* End PBXProject section */

/* Begin PBXResourcesBuildPhase section */
		529D90A628A0A6F2001E8514 /* Resources */ = {
			isa = PBXResourcesBuildPhase;
			buildActionMask = 2147483647;
			files = (
				529D90B828A0A6F4001E8514 /* LaunchScreen.storyboard in Resources */,
				529D90B528A0A6F4001E8514 /* Assets.xcassets in Resources */,
			);
			runOnlyForDeploymentPostprocessing = 0;
		};
/* End PBXResourcesBuildPhase section */

/* Begin PBXShellScriptBuildPhase section */
		849CBA2EF4078AADF32EBAD5 /* [CP] Check Pods Manifest.lock */ = {
			isa = PBXShellScriptBuildPhase;
			buildActionMask = 2147483647;
			files = (
			);
			inputFileListPaths = (
			);
			inputPaths = (
				"${PODS_PODFILE_DIR_PATH}/Podfile.lock",
				"${PODS_ROOT}/Manifest.lock",
			);
			name = "[CP] Check Pods Manifest.lock";
			outputFileListPaths = (
			);
			outputPaths = (
				"$(DERIVED_FILE_DIR)/Pods-ProgramingAutoLayoutStevia-checkManifestLockResult.txt",
			);
			runOnlyForDeploymentPostprocessing = 0;
			shellPath = /bin/sh;
			shellScript = "diff \"${PODS_PODFILE_DIR_PATH}/Podfile.lock\" \"${PODS_ROOT}/Manifest.lock\" > /dev/null\nif [ $? != 0 ] ; then\n    # print error to STDERR\n    echo \"error: The sandbox is not in sync with the Podfile.lock. Run 'pod install' or update your CocoaPods installation.\" >&2\n    exit 1\nfi\n# This output is used by Xcode 'outputs' to avoid re-running this script phase.\necho \"SUCCESS\" > \"${SCRIPT_OUTPUT_FILE_0}\"\n";
			showEnvVarsInLog = 0;
		};
		B22B4118EE1F0D0D95880D06 /* [CP] Embed Pods Frameworks */ = {
			isa = PBXShellScriptBuildPhase;
			buildActionMask = 2147483647;
			files = (
			);
			inputFileListPaths = (
				"${PODS_ROOT}/Target Support Files/Pods-ProgramingAutoLayoutStevia/Pods-ProgramingAutoLayoutStevia-frameworks-${CONFIGURATION}-input-files.xcfilelist",
			);
			name = "[CP] Embed Pods Frameworks";
			outputFileListPaths = (
				"${PODS_ROOT}/Target Support Files/Pods-ProgramingAutoLayoutStevia/Pods-ProgramingAutoLayoutStevia-frameworks-${CONFIGURATION}-output-files.xcfilelist",
			);
			runOnlyForDeploymentPostprocessing = 0;
			shellPath = /bin/sh;
			shellScript = "\"${PODS_ROOT}/Target Support Files/Pods-ProgramingAutoLayoutStevia/Pods-ProgramingAutoLayoutStevia-frameworks.sh\"\n";
			showEnvVarsInLog = 0;
		};
/* End PBXShellScriptBuildPhase section */

/* Begin PBXSourcesBuildPhase section */
		529D90A428A0A6F2001E8514 /* Sources */ = {
			isa = PBXSourcesBuildPhase;
			buildActionMask = 2147483647;
			files = (
				529D90C028A0A737001E8514 /* ViewController.swift in Sources */,
				529D90AC28A0A6F2001E8514 /* AppDelegate.swift in Sources */,
			);
			runOnlyForDeploymentPostprocessing = 0;
		};
/* End PBXSourcesBuildPhase section */

/* Begin PBXVariantGroup section */
		529D90B628A0A6F4001E8514 /* LaunchScreen.storyboard */ = {
			isa = PBXVariantGroup;
			children = (
				529D90B728A0A6F4001E8514 /* Base */,
			);
			name = LaunchScreen.storyboard;
			sourceTree = "<group>";
		};
/* End PBXVariantGroup section */

/* Begin XCBuildConfiguration section */
		529D90BA28A0A6F4001E8514 /* Debug */ = {
			isa = XCBuildConfiguration;
			buildSettings = {
				ALWAYS_SEARCH_USER_PATHS = NO;
				CLANG_ANALYZER_NONNULL = YES;
				CLANG_ANALYZER_NUMBER_OBJECT_CONVERSION = YES_AGGRESSIVE;
				CLANG_CXX_LANGUAGE_STANDARD = "gnu++17";
				CLANG_CXX_LIBRARY = "libc++";
				CLANG_ENABLE_MODULES = YES;
				CLANG_ENABLE_OBJC_ARC = YES;
				CLANG_ENABLE_OBJC_WEAK = YES;
				CLANG_WARN_BLOCK_CAPTURE_AUTORELEASING = YES;
				CLANG_WARN_BOOL_CONVERSION = YES;
				CLANG_WARN_COMMA = YES;
				CLANG_WARN_CONSTANT_CONVERSION = YES;
				CLANG_WARN_DEPRECATED_OBJC_IMPLEMENTATIONS = YES;
				CLANG_WARN_DIRECT_OBJC_ISA_USAGE = YES_ERROR;
				CLANG_WARN_DOCUMENTATION_COMMENTS = YES;
				CLANG_WARN_EMPTY_BODY = YES;
				CLANG_WARN_ENUM_CONVERSION = YES;
				CLANG_WARN_INFINITE_RECURSION = YES;
				CLANG_WARN_INT_CONVERSION = YES;
				CLANG_WARN_NON_LITERAL_NULL_CONVERSION = YES;
				CLANG_WARN_OBJC_IMPLICIT_RETAIN_SELF = YES;
				CLANG_WARN_OBJC_LITERAL_CONVERSION = YES;
				CLANG_WARN_OBJC_ROOT_CLASS = YES_ERROR;
				CLANG_WARN_QUOTED_INCLUDE_IN_FRAMEWORK_HEADER = YES;
				CLANG_WARN_RANGE_LOOP_ANALYSIS = YES;
				CLANG_WARN_STRICT_PROTOTYPES = YES;
				CLANG_WARN_SUSPICIOUS_MOVE = YES;
				CLANG_WARN_UNGUARDED_AVAILABILITY = YES_AGGRESSIVE;
				CLANG_WARN_UNREACHABLE_CODE = YES;
				CLANG_WARN__DUPLICATE_METHOD_MATCH = YES;
				COPY_PHASE_STRIP = NO;
				DEBUG_INFORMATION_FORMAT = dwarf;
				ENABLE_STRICT_OBJC_MSGSEND = YES;
				ENABLE_TESTABILITY = YES;
				GCC_C_LANGUAGE_STANDARD = gnu11;
				GCC_DYNAMIC_NO_PIC = NO;
				GCC_NO_COMMON_BLOCKS = YES;
				GCC_OPTIMIZATION_LEVEL = 0;
				GCC_PREPROCESSOR_DEFINITIONS = (
					"DEBUG=1",
					"$(inherited)",
				);
				GCC_WARN_64_TO_32_BIT_CONVERSION = YES;
				GCC_WARN_ABOUT_RETURN_TYPE = YES_ERROR;
				GCC_WARN_UNDECLARED_SELECTOR = YES;
				GCC_WARN_UNINITIALIZED_AUTOS = YES_AGGRESSIVE;
				GCC_WARN_UNUSED_FUNCTION = YES;
				GCC_WARN_UNUSED_VARIABLE = YES;
				IPHONEOS_DEPLOYMENT_TARGET = 15.2;
				MTL_ENABLE_DEBUG_INFO = INCLUDE_SOURCE;
				MTL_FAST_MATH = YES;
				ONLY_ACTIVE_ARCH = YES;
				SDKROOT = iphoneos;
				SWIFT_ACTIVE_COMPILATION_CONDITIONS = DEBUG;
				SWIFT_OPTIMIZATION_LEVEL = "-Onone";
			};
			name = Debug;
		};
		529D90BB28A0A6F4001E8514 /* Release */ = {
			isa = XCBuildConfiguration;
			buildSettings = {
				ALWAYS_SEARCH_USER_PATHS = NO;
				CLANG_ANALYZER_NONNULL = YES;
				CLANG_ANALYZER_NUMBER_OBJECT_CONVERSION = YES_AGGRESSIVE;
				CLANG_CXX_LANGUAGE_STANDARD = "gnu++17";
				CLANG_CXX_LIBRARY = "libc++";
				CLANG_ENABLE_MODULES = YES;
				CLANG_ENABLE_OBJC_ARC = YES;
				CLANG_ENABLE_OBJC_WEAK = YES;
				CLANG_WARN_BLOCK_CAPTURE_AUTORELEASING = YES;
				CLANG_WARN_BOOL_CONVERSION = YES;
				CLANG_WARN_COMMA = YES;
				CLANG_WARN_CONSTANT_CONVERSION = YES;
				CLANG_WARN_DEPRECATED_OBJC_IMPLEMENTATIONS = YES;
				CLANG_WARN_DIRECT_OBJC_ISA_USAGE = YES_ERROR;
				CLANG_WARN_DOCUMENTATION_COMMENTS = YES;
				CLANG_WARN_EMPTY_BODY = YES;
				CLANG_WARN_ENUM_CONVERSION = YES;
				CLANG_WARN_INFINITE_RECURSION = YES;
				CLANG_WARN_INT_CONVERSION = YES;
				CLANG_WARN_NON_LITERAL_NULL_CONVERSION = YES;
				CLANG_WARN_OBJC_IMPLICIT_RETAIN_SELF = YES;
				CLANG_WARN_OBJC_LITERAL_CONVERSION = YES;
				CLANG_WARN_OBJC_ROOT_CLASS = YES_ERROR;
				CLANG_WARN_QUOTED_INCLUDE_IN_FRAMEWORK_HEADER = YES;
				CLANG_WARN_RANGE_LOOP_ANALYSIS = YES;
				CLANG_WARN_STRICT_PROTOTYPES = YES;
				CLANG_WARN_SUSPICIOUS_MOVE = YES;
				CLANG_WARN_UNGUARDED_AVAILABILITY = YES_AGGRESSIVE;
				CLANG_WARN_UNREACHABLE_CODE = YES;
				CLANG_WARN__DUPLICATE_METHOD_MATCH = YES;
				COPY_PHASE_STRIP = NO;
				DEBUG_INFORMATION_FORMAT = "dwarf-with-dsym";
				ENABLE_NS_ASSERTIONS = NO;
				ENABLE_STRICT_OBJC_MSGSEND = YES;
				GCC_C_LANGUAGE_STANDARD = gnu11;
				GCC_NO_COMMON_BLOCKS = YES;
				GCC_WARN_64_TO_32_BIT_CONVERSION = YES;
				GCC_WARN_ABOUT_RETURN_TYPE = YES_ERROR;
				GCC_WARN_UNDECLARED_SELECTOR = YES;
				GCC_WARN_UNINITIALIZED_AUTOS = YES_AGGRESSIVE;
				GCC_WARN_UNUSED_FUNCTION = YES;
				GCC_WARN_UNUSED_VARIABLE = YES;
				IPHONEOS_DEPLOYMENT_TARGET = 15.2;
				MTL_ENABLE_DEBUG_INFO = NO;
				MTL_FAST_MATH = YES;
				SDKROOT = iphoneos;
				SWIFT_COMPILATION_MODE = wholemodule;
				SWIFT_OPTIMIZATION_LEVEL = "-O";
				VALIDATE_PRODUCT = YES;
			};
			name = Release;
		};
		529D90BD28A0A6F4001E8514 /* Debug */ = {
			isa = XCBuildConfiguration;
			baseConfigurationReference = 054686570D6109757AE9384B /* Pods-ProgramingAutoLayoutStevia.debug.xcconfig */;
			buildSettings = {
				ASSETCATALOG_COMPILER_APPICON_NAME = AppIcon;
				ASSETCATALOG_COMPILER_GLOBAL_ACCENT_COLOR_NAME = AccentColor;
				CODE_SIGN_STYLE = Automatic;
				CURRENT_PROJECT_VERSION = 1;
				DEVELOPMENT_TEAM = Y4X33X3X48;
				GENERATE_INFOPLIST_FILE = YES;
				INFOPLIST_FILE = ProgramingAutoLayoutStevia/Info.plist;
				INFOPLIST_KEY_UIApplicationSupportsIndirectInputEvents = YES;
				INFOPLIST_KEY_UILaunchStoryboardName = LaunchScreen;
				INFOPLIST_KEY_UISupportedInterfaceOrientations_iPad = "UIInterfaceOrientationPortrait UIInterfaceOrientationPortraitUpsideDown UIInterfaceOrientationLandscapeLeft UIInterfaceOrientationLandscapeRight";
				INFOPLIST_KEY_UISupportedInterfaceOrientations_iPhone = "UIInterfaceOrientationPortrait UIInterfaceOrientationLandscapeLeft UIInterfaceOrientationLandscapeRight";
				LD_RUNPATH_SEARCH_PATHS = (
					"$(inherited)",
					"@executable_path/Frameworks",
				);
				MARKETING_VERSION = 1.0;
				PRODUCT_BUNDLE_IDENTIFIER = com.xhiew.ProgramingAutoLayoutStevia;
				PRODUCT_NAME = "$(TARGET_NAME)";
				SWIFT_EMIT_LOC_STRINGS = YES;
				SWIFT_VERSION = 5.0;
				TARGETED_DEVICE_FAMILY = "1,2";
			};
			name = Debug;
		};
		529D90BE28A0A6F4001E8514 /* Release */ = {
			isa = XCBuildConfiguration;
			baseConfigurationReference = F7A7E8B0B6938C8579F5D3BF /* Pods-ProgramingAutoLayoutStevia.release.xcconfig */;
			buildSettings = {
				ASSETCATALOG_COMPILER_APPICON_NAME = AppIcon;
				ASSETCATALOG_COMPILER_GLOBAL_ACCENT_COLOR_NAME = AccentColor;
				CODE_SIGN_STYLE = Automatic;
				CURRENT_PROJECT_VERSION = 1;
				DEVELOPMENT_TEAM = Y4X33X3X48;
				GENERATE_INFOPLIST_FILE = YES;
				INFOPLIST_FILE = ProgramingAutoLayoutStevia/Info.plist;
				INFOPLIST_KEY_UIApplicationSupportsIndirectInputEvents = YES;
				INFOPLIST_KEY_UILaunchStoryboardName = LaunchScreen;
				INFOPLIST_KEY_UISupportedInterfaceOrientations_iPad = "UIInterfaceOrientationPortrait UIInterfaceOrientationPortraitUpsideDown UIInterfaceOrientationLandscapeLeft UIInterfaceOrientationLandscapeRight";
				INFOPLIST_KEY_UISupportedInterfaceOrientations_iPhone = "UIInterfaceOrientationPortrait UIInterfaceOrientationLandscapeLeft UIInterfaceOrientationLandscapeRight";
				LD_RUNPATH_SEARCH_PATHS = (
					"$(inherited)",
					"@executable_path/Frameworks",
				);
				MARKETING_VERSION = 1.0;
				PRODUCT_BUNDLE_IDENTIFIER = com.xhiew.ProgramingAutoLayoutStevia;
				PRODUCT_NAME = "$(TARGET_NAME)";
				SWIFT_EMIT_LOC_STRINGS = YES;
				SWIFT_VERSION = 5.0;
				TARGETED_DEVICE_FAMILY = "1,2";
			};
			name = Release;
		};
/* End XCBuildConfiguration section */

/* Begin XCConfigurationList section */
		529D90A328A0A6F2001E8514 /* Build configuration list for PBXProject "ProgramingAutoLayoutStevia" */ = {
			isa = XCConfigurationList;
			buildConfigurations = (
				529D90BA28A0A6F4001E8514 /* Debug */,
				529D90BB28A0A6F4001E8514 /* Release */,
			);
			defaultConfigurationIsVisible = 0;
			defaultConfigurationName = Release;
		};
		529D90BC28A0A6F4001E8514 /* Build configuration list for PBXNativeTarget "ProgramingAutoLayoutStevia" */ = {
			isa = XCConfigurationList;
			buildConfigurations = (
				529D90BD28A0A6F4001E8514 /* Debug */,
				529D90BE28A0A6F4001E8514 /* Release */,
			);
			defaultConfigurationIsVisible = 0;
			defaultConfigurationName = Release;
		};
/* End XCConfigurationList section */
	};
	rootObject = 529D90A028A0A6F2001E8514 /* Project object */;
}
